{
  "version": 4,
  "terraform_version": "1.5.7",
  "serial": 4,
  "lineage": "18389c4f-5923-81e4-a6e9-805a05e16b47",
  "outputs": {
    "rna-str": {
      "value": [
        "uIGG+p:erF-Mi\u003cL9FVNU]Gh9{#\u003cl=r"
      ],
      "type": [
        "tuple",
        [
          "string"
        ]
      ]
    }
  },
  "resources": [
    {
      "mode": "managed",
      "type": "random_string",
      "name": "rna-str",
      "provider": "provider[\"registry.terraform.io/hashicorp/random\"]",
      "instances": [
        {
          "schema_version": 2,
          "attributes": {
            "id": "uIGG+p:erF-Mi\u003cL9FVNU]Gh9{#\u003cl=r",
            "keepers": null,
            "length": 30,
            "lower": true,
            "min_lower": 0,
            "min_numeric": 0,
            "min_special": 0,
            "min_upper": 0,
            "number": true,
            "numeric": true,
            "override_special": "!#$%\u0026*()-_=+[]{}\u003c\u003e:?",
            "result": "uIGG+p:erF-Mi\u003cL9FVNU]Gh9{#\u003cl=r",
            "special": true,
            "upper": true
          },
          "sensitive_attributes": []
        }
      ]
    }
  ],
  "check_results": null
}
