{
  "version": 4,
  "terraform_version": "1.5.7",
  "serial": 12,
  "lineage": "18389c4f-5923-81e4-a6e9-805a05e16b47",
  "outputs": {},
  "resources": [
    {
      "mode": "managed",
      "type": "local_file",
      "name": "aktaname",
      "provider": "provider[\"registry.terraform.io/hashicorp/local\"]",
      "instances": [
        {
          "schema_version": 0,
          "attributes": {
            "content": "hello there i created from a variable",
            "content_base64": null,
            "content_base64sha256": "Kuj860kTis7hNec0ElMT7le02QMfTQjlvoFut0d9+XQ=",
            "content_base64sha512": "gPIBm6NV0bgX1PUe1aTiHzLfbQ4RHZPdFOTAa3tvd6q+hsWxLrBW075Id1pzNySbMfSEXvObQTnEj72GFqyP4A==",
            "content_md5": "2ccf30368f5b4c1a223a97a51a27bca9",
            "content_sha1": "a1c81cb98e0e03952bcfe54d4cda86b9101047b8",
            "content_sha256": "2ae8fceb49138acee135e734125313ee57b4d9031f4d08e5be816eb7477df974",
            "content_sha512": "80f2019ba355d1b817d4f51ed5a4e21f32df6d0e111d93dd14e4c06b7b6f77aabe86c5b12eb056d3be48775a7337249b31f4845ef39b4139c48fbd8616ac8fe0",
            "directory_permission": "0777",
            "file_permission": "0777",
            "filename": "/Users/macbookpro2015/Downloads/terraform-learn/me.txt",
            "id": "a1c81cb98e0e03952bcfe54d4cda86b9101047b8",
            "sensitive_content": null,
            "source": null
          },
          "sensitive_attributes": []
        }
      ]
    }
  ],
  "check_results": null
}
