{
  "version": 4,
  "terraform_version": "1.5.7",
  "serial": 14,
  "lineage": "18389c4f-5923-81e4-a6e9-805a05e16b47",
  "outputs": {},
  "resources": [
    {
      "mode": "managed",
      "type": "local_file",
      "name": "aktaname",
      "provider": "provider[\"registry.terraform.io/hashicorp/local\"]",
      "instances": [
        {
          "schema_version": 0,
          "attributes": {
            "content": "hello there i created from a variable",
            "content_base64": null,
            "content_base64sha256": "Kuj860kTis7hNec0ElMT7le02QMfTQjlvoFut0d9+XQ=",
            "content_base64sha512": "gPIBm6NV0bgX1PUe1aTiHzLfbQ4RHZPdFOTAa3tvd6q+hsWxLrBW075Id1pzNySbMfSEXvObQTnEj72GFqyP4A==",
            "content_md5": "2ccf30368f5b4c1a223a97a51a27bca9",
            "content_sha1": "a1c81cb98e0e03952bcfe54d4cda86b9101047b8",
            "content_sha256": "2ae8fceb49138acee135e734125313ee57b4d9031f4d08e5be816eb7477df974",
            "content_sha512": "80f2019ba355d1b817d4f51ed5a4e21f32df6d0e111d93dd14e4c06b7b6f77aabe86c5b12eb056d3be48775a7337249b31f4845ef39b4139c48fbd8616ac8fe0",
            "directory_permission": "0777",
            "file_permission": "0777",
            "filename": "/Users/macbookpro2015/Downloads/terraform-learn/me.txt",
            "id": "a1c81cb98e0e03952bcfe54d4cda86b9101047b8",
            "sensitive_content": null,
            "source": null
          },
          "sensitive_attributes": []
        }
      ]
    },
    {
      "mode": "managed",
      "type": "local_file",
      "name": "ismail",
      "provider": "provider[\"registry.terraform.io/hashicorp/local\"]",
      "instances": [
        {
          "schema_version": 0,
          "attributes": {
            "content": "Hello ami ismail",
            "content_base64": null,
            "content_base64sha256": "RNr+N+iZg5zX0YESnxjcdZXZL5jkPllAS2RT5PC411w=",
            "content_base64sha512": "5UVh8STThR1knKD4bz5wIPmf5JZB+XviIK6QOJKTaH1s19leN2Pfw1oNi9gbtaDiHcHzULd62YlQtxvMoEYtzw==",
            "content_md5": "3886ab1fb8c5f6177f2c2e6463b1b14f",
            "content_sha1": "2914df904d17821c00108b2a47a5fadfae4b081f",
            "content_sha256": "44dafe37e899839cd7d181129f18dc7595d92f98e43e59404b6453e4f0b8d75c",
            "content_sha512": "e54561f124d3851d649ca0f86f3e7020f99fe49641f97be220ae90389293687d6cd7d95e3763dfc35a0d8bd81bb5a0e21dc1f350b77ad98950b71bcca0462dcf",
            "directory_permission": "0777",
            "file_permission": "0777",
            "filename": "/Users/macbookpro2015/Downloads/terraform-learn/me.txt",
            "id": "2914df904d17821c00108b2a47a5fadfae4b081f",
            "sensitive_content": null,
            "source": null
          },
          "sensitive_attributes": []
        }
      ]
    }
  ],
  "check_results": null
}
